
Microsoft Visual Studio Solution File, Format Version 12.00
# Visual Studio Version 17
VisualStudioVersion = 17.11.35219.272
MinimumVisualStudioVersion = 10.0.40219.1
Project("{FAE04EC0-301F-11D3-BF4B-00C04F79EFBC}") = "Practica #1", "Practica #1\Practica #1.csproj", "{3DC627B3-C3FA-4663-BFA4-88DEC0DD2B27}"
EndProject
Global
	GlobalSection(SolutionConfigurationPlatforms) = preSolution
		Debug|Any CPU = Debug|Any CPU
		Release|Any CPU = Release|Any CPU
	EndGlobalSection
	GlobalSection(ProjectConfigurationPlatforms) = postSolution
		{3DC627B3-C3FA-4663-BFA4-88DEC0DD2B27}.Debug|Any CPU.ActiveCfg = Debug|Any CPU
		{3DC627B3-C3FA-4663-BFA4-88DEC0DD2B27}.Debug|Any CPU.Build.0 = Debug|Any CPU
		{3DC627B3-C3FA-4663-BFA4-88DEC0DD2B27}.Release|Any CPU.ActiveCfg = Release|Any CPU
		{3DC627B3-C3FA-4663-BFA4-88DEC0DD2B27}.Release|Any CPU.Build.0 = Release|Any CPU
	EndGlobalSection
	GlobalSection(SolutionProperties) = preSolution
		HideSolutionNode = FALSE
	EndGlobalSection
	GlobalSection(ExtensibilityGlobals) = postSolution
		SolutionGuid = {9A7CC123-42BF-46ED-81B3-F718E31A5D6C}
	EndGlobalSection
EndGlobal
