
Microsoft Visual Studio Solution File, Format Version 12.00
# Visual Studio Version 17
VisualStudioVersion = 17.11.35219.272
MinimumVisualStudioVersion = 10.0.40219.1
Project("{FAE04EC0-301F-11D3-BF4B-00C04F79EFBC}") = "Practica #5", "Practica #5\Practica #5.csproj", "{9AF70E7D-596B-4650-B57C-823304C3BB57}"
EndProject
Global
	GlobalSection(SolutionConfigurationPlatforms) = preSolution
		Debug|Any CPU = Debug|Any CPU
		Release|Any CPU = Release|Any CPU
	EndGlobalSection
	GlobalSection(ProjectConfigurationPlatforms) = postSolution
		{9AF70E7D-596B-4650-B57C-823304C3BB57}.Debug|Any CPU.ActiveCfg = Debug|Any CPU
		{9AF70E7D-596B-4650-B57C-823304C3BB57}.Debug|Any CPU.Build.0 = Debug|Any CPU
		{9AF70E7D-596B-4650-B57C-823304C3BB57}.Release|Any CPU.ActiveCfg = Release|Any CPU
		{9AF70E7D-596B-4650-B57C-823304C3BB57}.Release|Any CPU.Build.0 = Release|Any CPU
	EndGlobalSection
	GlobalSection(SolutionProperties) = preSolution
		HideSolutionNode = FALSE
	EndGlobalSection
	GlobalSection(ExtensibilityGlobals) = postSolution
		SolutionGuid = {2D864352-C797-443D-8506-D7F4F27B9ADB}
	EndGlobalSection
EndGlobal
